
Microsoft Visual Studio Solution File, Format Version 12.00
# Visual Studio Version 16
VisualStudioVersion = 16.0.31112.23
MinimumVisualStudioVersion = 10.0.40219.1
Project("{FAE04EC0-301F-11D3-BF4B-00C04F79EFBC}") = "Exception", "Exception\Exception.csproj", "{473222FF-868A-4E80-8F37-CC5558A18B39}"
EndProject
Global
	GlobalSection(SolutionConfigurationPlatforms) = preSolution
		Debug|Any CPU = Debug|Any CPU
		Release|Any CPU = Release|Any CPU
	EndGlobalSection
	GlobalSection(ProjectConfigurationPlatforms) = postSolution
		{473222FF-868A-4E80-8F37-CC5558A18B39}.Debug|Any CPU.ActiveCfg = Debug|Any CPU
		{473222FF-868A-4E80-8F37-CC5558A18B39}.Debug|Any CPU.Build.0 = Debug|Any CPU
		{473222FF-868A-4E80-8F37-CC5558A18B39}.Release|Any CPU.ActiveCfg = Release|Any CPU
		{473222FF-868A-4E80-8F37-CC5558A18B39}.Release|Any CPU.Build.0 = Release|Any CPU
	EndGlobalSection
	GlobalSection(SolutionProperties) = preSolution
		HideSolutionNode = FALSE
	EndGlobalSection
	GlobalSection(ExtensibilityGlobals) = postSolution
		SolutionGuid = {60A5672F-35F4-40FD-A1E6-2AB8ACB5A672}
	EndGlobalSection
EndGlobal
